
Microsoft Visual Studio Solution File, Format Version 12.00
# Visual Studio Version 17
VisualStudioVersion = 17.11.35327.3
MinimumVisualStudioVersion = 10.0.40219.1
Project("{FAE04EC0-301F-11D3-BF4B-00C04F79EFBC}") = "Les.003.Inhiritance.Upcasting", "Les.003.Inhiritance.Upcasting.csproj", "{AEAC7287-768B-47BA-B4BF-87B63042BF9D}"
EndProject
Global
	GlobalSection(SolutionConfigurationPlatforms) = preSolution
		Debug|Any CPU = Debug|Any CPU
		Release|Any CPU = Release|Any CPU
	EndGlobalSection
	GlobalSection(ProjectConfigurationPlatforms) = postSolution
		{AEAC7287-768B-47BA-B4BF-87B63042BF9D}.Debug|Any CPU.ActiveCfg = Debug|Any CPU
		{AEAC7287-768B-47BA-B4BF-87B63042BF9D}.Debug|Any CPU.Build.0 = Debug|Any CPU
		{AEAC7287-768B-47BA-B4BF-87B63042BF9D}.Release|Any CPU.ActiveCfg = Release|Any CPU
		{AEAC7287-768B-47BA-B4BF-87B63042BF9D}.Release|Any CPU.Build.0 = Release|Any CPU
	EndGlobalSection
	GlobalSection(SolutionProperties) = preSolution
		HideSolutionNode = FALSE
	EndGlobalSection
	GlobalSection(ExtensibilityGlobals) = postSolution
		SolutionGuid = {5AFB5D5A-0AF0-4621-82D6-38885AE7A922}
	EndGlobalSection
EndGlobal
