
Microsoft Visual Studio Solution File, Format Version 12.00
# Visual Studio Version 17
VisualStudioVersion = 17.11.35327.3
MinimumVisualStudioVersion = 10.0.40219.1
Project("{FAE04EC0-301F-11D3-BF4B-00C04F79EFBC}") = "Task7", "Task7.csproj", "{7F68E39C-161F-4E75-B5F6-F2CEF333060D}"
EndProject
Project("{FAE04EC0-301F-11D3-BF4B-00C04F79EFBC}") = "Binding", "..\Binding\Binding.csproj", "{0229B3FA-C321-4D78-AFB3-2FA549CC1D37}"
EndProject
Global
	GlobalSection(SolutionConfigurationPlatforms) = preSolution
		Debug|Any CPU = Debug|Any CPU
		Release|Any CPU = Release|Any CPU
	EndGlobalSection
	GlobalSection(ProjectConfigurationPlatforms) = postSolution
		{7F68E39C-161F-4E75-B5F6-F2CEF333060D}.Debug|Any CPU.ActiveCfg = Debug|Any CPU
		{7F68E39C-161F-4E75-B5F6-F2CEF333060D}.Debug|Any CPU.Build.0 = Debug|Any CPU
		{7F68E39C-161F-4E75-B5F6-F2CEF333060D}.Release|Any CPU.ActiveCfg = Release|Any CPU
		{7F68E39C-161F-4E75-B5F6-F2CEF333060D}.Release|Any CPU.Build.0 = Release|Any CPU
		{0229B3FA-C321-4D78-AFB3-2FA549CC1D37}.Debug|Any CPU.ActiveCfg = Debug|Any CPU
		{0229B3FA-C321-4D78-AFB3-2FA549CC1D37}.Debug|Any CPU.Build.0 = Debug|Any CPU
		{0229B3FA-C321-4D78-AFB3-2FA549CC1D37}.Release|Any CPU.ActiveCfg = Release|Any CPU
		{0229B3FA-C321-4D78-AFB3-2FA549CC1D37}.Release|Any CPU.Build.0 = Release|Any CPU
	EndGlobalSection
	GlobalSection(SolutionProperties) = preSolution
		HideSolutionNode = FALSE
	EndGlobalSection
	GlobalSection(ExtensibilityGlobals) = postSolution
		SolutionGuid = {99498B22-6976-4089-9521-BDFCEE3331C0}
	EndGlobalSection
EndGlobal
