
Microsoft Visual Studio Solution File, Format Version 12.00
# Visual Studio Version 17
VisualStudioVersion = 17.11.35327.3
MinimumVisualStudioVersion = 10.0.40219.1
Project("{FAE04EC0-301F-11D3-BF4B-00C04F79EFBC}") = "Les.008", "Les.008.csproj", "{AF925771-91AC-4030-BFAE-059F81258385}"
EndProject
Project("{FAE04EC0-301F-11D3-BF4B-00C04F79EFBC}") = "EnumAccessControl", "EnumAccessControl\EnumAccessControl.csproj", "{A82A16EA-EB9F-49CC-9421-3337D5B6CA20}"
EndProject
Global
	GlobalSection(SolutionConfigurationPlatforms) = preSolution
		Debug|Any CPU = Debug|Any CPU
		Release|Any CPU = Release|Any CPU
	EndGlobalSection
	GlobalSection(ProjectConfigurationPlatforms) = postSolution
		{AF925771-91AC-4030-BFAE-059F81258385}.Debug|Any CPU.ActiveCfg = Debug|Any CPU
		{AF925771-91AC-4030-BFAE-059F81258385}.Debug|Any CPU.Build.0 = Debug|Any CPU
		{AF925771-91AC-4030-BFAE-059F81258385}.Release|Any CPU.ActiveCfg = Release|Any CPU
		{AF925771-91AC-4030-BFAE-059F81258385}.Release|Any CPU.Build.0 = Release|Any CPU
		{A82A16EA-EB9F-49CC-9421-3337D5B6CA20}.Debug|Any CPU.ActiveCfg = Debug|Any CPU
		{A82A16EA-EB9F-49CC-9421-3337D5B6CA20}.Debug|Any CPU.Build.0 = Debug|Any CPU
		{A82A16EA-EB9F-49CC-9421-3337D5B6CA20}.Release|Any CPU.ActiveCfg = Release|Any CPU
		{A82A16EA-EB9F-49CC-9421-3337D5B6CA20}.Release|Any CPU.Build.0 = Release|Any CPU
	EndGlobalSection
	GlobalSection(SolutionProperties) = preSolution
		HideSolutionNode = FALSE
	EndGlobalSection
	GlobalSection(ExtensibilityGlobals) = postSolution
		SolutionGuid = {11F12859-622C-4A4D-B987-A862397615D7}
	EndGlobalSection
EndGlobal
