
Microsoft Visual Studio Solution File, Format Version 12.00
# Visual Studio Version 17
VisualStudioVersion = 17.14.36301.6 d17.14
MinimumVisualStudioVersion = 10.0.40219.1
Project("{FAE04EC0-301F-11D3-BF4B-00C04F79EFBC}") = "gpt.Reflection", "gpt.Reflection.csproj", "{16CBFAB0-AB27-4298-AC5A-FF7FB7DA8C13}"
EndProject
Project("{FAE04EC0-301F-11D3-BF4B-00C04F79EFBC}") = "MemberInfo", "..\MemberInfo\MemberInfo.csproj", "{5BFA75A8-0836-4D2B-B557-E6DCFE68244A}"
EndProject
Global
	GlobalSection(SolutionConfigurationPlatforms) = preSolution
		Debug|Any CPU = Debug|Any CPU
		Release|Any CPU = Release|Any CPU
	EndGlobalSection
	GlobalSection(ProjectConfigurationPlatforms) = postSolution
		{16CBFAB0-AB27-4298-AC5A-FF7FB7DA8C13}.Debug|Any CPU.ActiveCfg = Debug|Any CPU
		{16CBFAB0-AB27-4298-AC5A-FF7FB7DA8C13}.Debug|Any CPU.Build.0 = Debug|Any CPU
		{16CBFAB0-AB27-4298-AC5A-FF7FB7DA8C13}.Release|Any CPU.ActiveCfg = Release|Any CPU
		{16CBFAB0-AB27-4298-AC5A-FF7FB7DA8C13}.Release|Any CPU.Build.0 = Release|Any CPU
		{5BFA75A8-0836-4D2B-B557-E6DCFE68244A}.Debug|Any CPU.ActiveCfg = Debug|Any CPU
		{5BFA75A8-0836-4D2B-B557-E6DCFE68244A}.Debug|Any CPU.Build.0 = Debug|Any CPU
		{5BFA75A8-0836-4D2B-B557-E6DCFE68244A}.Release|Any CPU.ActiveCfg = Release|Any CPU
		{5BFA75A8-0836-4D2B-B557-E6DCFE68244A}.Release|Any CPU.Build.0 = Release|Any CPU
	EndGlobalSection
	GlobalSection(SolutionProperties) = preSolution
		HideSolutionNode = FALSE
	EndGlobalSection
	GlobalSection(ExtensibilityGlobals) = postSolution
		SolutionGuid = {A1E0A405-3B3F-4630-A0DC-A3B94E42BB6D}
	EndGlobalSection
EndGlobal
