
Microsoft Visual Studio Solution File, Format Version 12.00
# Visual Studio Version 17
VisualStudioVersion = 17.13.35806.99 d17.13
MinimumVisualStudioVersion = 10.0.40219.1
Project("{FAE04EC0-301F-11D3-BF4B-00C04F79EFBC}") = "MyDictionary", "MyDictionary.csproj", "{F4AE69E6-6D10-46A6-A72D-D348C6841BCF}"
EndProject
Global
	GlobalSection(SolutionConfigurationPlatforms) = preSolution
		Debug|Any CPU = Debug|Any CPU
		Release|Any CPU = Release|Any CPU
	EndGlobalSection
	GlobalSection(ProjectConfigurationPlatforms) = postSolution
		{F4AE69E6-6D10-46A6-A72D-D348C6841BCF}.Debug|Any CPU.ActiveCfg = Debug|Any CPU
		{F4AE69E6-6D10-46A6-A72D-D348C6841BCF}.Debug|Any CPU.Build.0 = Debug|Any CPU
		{F4AE69E6-6D10-46A6-A72D-D348C6841BCF}.Release|Any CPU.ActiveCfg = Release|Any CPU
		{F4AE69E6-6D10-46A6-A72D-D348C6841BCF}.Release|Any CPU.Build.0 = Release|Any CPU
	EndGlobalSection
	GlobalSection(SolutionProperties) = preSolution
		HideSolutionNode = FALSE
	EndGlobalSection
	GlobalSection(ExtensibilityGlobals) = postSolution
		SolutionGuid = {8DEBA976-ACF3-4212-B740-2FF577727669}
	EndGlobalSection
EndGlobal
