
Microsoft Visual Studio Solution File, Format Version 12.00
# Visual Studio Version 17
VisualStudioVersion = 17.11.35327.3
MinimumVisualStudioVersion = 10.0.40219.1
Project("{FAE04EC0-301F-11D3-BF4B-00C04F79EFBC}") = "Task9", "Task9.csproj", "{A7F5773F-645E-47AD-AA31-1C949D208C40}"
EndProject
Project("{FAE04EC0-301F-11D3-BF4B-00C04F79EFBC}") = "FiltrCounterClientsOnline", "..\FiltrCounterClientsOnline\FiltrCounterClientsOnline.csproj", "{120978BB-C687-4F57-8EDD-681C201A2301}"
EndProject
Global
	GlobalSection(SolutionConfigurationPlatforms) = preSolution
		Debug|Any CPU = Debug|Any CPU
		Release|Any CPU = Release|Any CPU
	EndGlobalSection
	GlobalSection(ProjectConfigurationPlatforms) = postSolution
		{A7F5773F-645E-47AD-AA31-1C949D208C40}.Debug|Any CPU.ActiveCfg = Debug|Any CPU
		{A7F5773F-645E-47AD-AA31-1C949D208C40}.Debug|Any CPU.Build.0 = Debug|Any CPU
		{A7F5773F-645E-47AD-AA31-1C949D208C40}.Release|Any CPU.ActiveCfg = Release|Any CPU
		{A7F5773F-645E-47AD-AA31-1C949D208C40}.Release|Any CPU.Build.0 = Release|Any CPU
		{120978BB-C687-4F57-8EDD-681C201A2301}.Debug|Any CPU.ActiveCfg = Debug|Any CPU
		{120978BB-C687-4F57-8EDD-681C201A2301}.Debug|Any CPU.Build.0 = Debug|Any CPU
		{120978BB-C687-4F57-8EDD-681C201A2301}.Release|Any CPU.ActiveCfg = Release|Any CPU
		{120978BB-C687-4F57-8EDD-681C201A2301}.Release|Any CPU.Build.0 = Release|Any CPU
	EndGlobalSection
	GlobalSection(SolutionProperties) = preSolution
		HideSolutionNode = FALSE
	EndGlobalSection
	GlobalSection(ExtensibilityGlobals) = postSolution
		SolutionGuid = {60E007BF-7238-46CE-BC1B-E20B6441E64D}
	EndGlobalSection
EndGlobal
