
Microsoft Visual Studio Solution File, Format Version 12.00
# Visual Studio Version 17
VisualStudioVersion = 17.13.35913.81 d17.13
MinimumVisualStudioVersion = 10.0.40219.1
Project("{FAE04EC0-301F-11D3-BF4B-00C04F79EFBC}") = "MyBankAccount", "MyBankAccount.csproj", "{1189CE40-9E2A-4FBD-8C4E-FA02A847AC07}"
EndProject
Global
	GlobalSection(SolutionConfigurationPlatforms) = preSolution
		Debug|Any CPU = Debug|Any CPU
		Release|Any CPU = Release|Any CPU
	EndGlobalSection
	GlobalSection(ProjectConfigurationPlatforms) = postSolution
		{1189CE40-9E2A-4FBD-8C4E-FA02A847AC07}.Debug|Any CPU.ActiveCfg = Debug|Any CPU
		{1189CE40-9E2A-4FBD-8C4E-FA02A847AC07}.Debug|Any CPU.Build.0 = Debug|Any CPU
		{1189CE40-9E2A-4FBD-8C4E-FA02A847AC07}.Release|Any CPU.ActiveCfg = Release|Any CPU
		{1189CE40-9E2A-4FBD-8C4E-FA02A847AC07}.Release|Any CPU.Build.0 = Release|Any CPU
	EndGlobalSection
	GlobalSection(SolutionProperties) = preSolution
		HideSolutionNode = FALSE
	EndGlobalSection
	GlobalSection(ExtensibilityGlobals) = postSolution
		SolutionGuid = {938EFD79-EBDA-4860-BFE0-A4B2B184A365}
	EndGlobalSection
EndGlobal
