
Microsoft Visual Studio Solution File, Format Version 12.00
# Visual Studio Version 17
VisualStudioVersion = 17.11.35327.3
MinimumVisualStudioVersion = 10.0.40219.1
Project("{FAE04EC0-301F-11D3-BF4B-00C04F79EFBC}") = "Les.002.Classes.Invoces", "Les.002.Classes.Invoces.csproj", "{C357A6D5-7140-48D1-BD24-CEE1E1B7E302}"
EndProject
Global
	GlobalSection(SolutionConfigurationPlatforms) = preSolution
		Debug|Any CPU = Debug|Any CPU
		Release|Any CPU = Release|Any CPU
	EndGlobalSection
	GlobalSection(ProjectConfigurationPlatforms) = postSolution
		{C357A6D5-7140-48D1-BD24-CEE1E1B7E302}.Debug|Any CPU.ActiveCfg = Debug|Any CPU
		{C357A6D5-7140-48D1-BD24-CEE1E1B7E302}.Debug|Any CPU.Build.0 = Debug|Any CPU
		{C357A6D5-7140-48D1-BD24-CEE1E1B7E302}.Release|Any CPU.ActiveCfg = Release|Any CPU
		{C357A6D5-7140-48D1-BD24-CEE1E1B7E302}.Release|Any CPU.Build.0 = Release|Any CPU
	EndGlobalSection
	GlobalSection(SolutionProperties) = preSolution
		HideSolutionNode = FALSE
	EndGlobalSection
	GlobalSection(ExtensibilityGlobals) = postSolution
		SolutionGuid = {D8E25CD5-43A2-4423-B0AE-08841152164F}
	EndGlobalSection
EndGlobal
