
Microsoft Visual Studio Solution File, Format Version 12.00
# Visual Studio Version 17
VisualStudioVersion = 17.11.35222.181
MinimumVisualStudioVersion = 10.0.40219.1
Project("{FAE04EC0-301F-11D3-BF4B-00C04F79EFBC}") = "Les.013.Threads", "Les.013.Threads.csproj", "{3B6AE92D-9E4D-4D0C-95B5-83FF778927B3}"
EndProject
Global
	GlobalSection(SolutionConfigurationPlatforms) = preSolution
		Debug|Any CPU = Debug|Any CPU
		Release|Any CPU = Release|Any CPU
	EndGlobalSection
	GlobalSection(ProjectConfigurationPlatforms) = postSolution
		{3B6AE92D-9E4D-4D0C-95B5-83FF778927B3}.Debug|Any CPU.ActiveCfg = Debug|Any CPU
		{3B6AE92D-9E4D-4D0C-95B5-83FF778927B3}.Debug|Any CPU.Build.0 = Debug|Any CPU
		{3B6AE92D-9E4D-4D0C-95B5-83FF778927B3}.Release|Any CPU.ActiveCfg = Release|Any CPU
		{3B6AE92D-9E4D-4D0C-95B5-83FF778927B3}.Release|Any CPU.Build.0 = Release|Any CPU
	EndGlobalSection
	GlobalSection(SolutionProperties) = preSolution
		HideSolutionNode = FALSE
	EndGlobalSection
	GlobalSection(ExtensibilityGlobals) = postSolution
		SolutionGuid = {A2DE874E-6423-448E-83C2-A56B0FD9E44F}
	EndGlobalSection
EndGlobal
