
Microsoft Visual Studio Solution File, Format Version 12.00
# Visual Studio Version 17
VisualStudioVersion = 17.11.35327.3
MinimumVisualStudioVersion = 10.0.40219.1
Project("{FAE04EC0-301F-11D3-BF4B-00C04F79EFBC}") = "Les.005.Arrays", "Les.005.Arrays.csproj", "{F32C63AB-CC94-43C3-8FE9-AB304687F899}"
EndProject
Project("{FAE04EC0-301F-11D3-BF4B-00C04F79EFBC}") = "IndexerExample", "..\IndexerExample\IndexerExample.csproj", "{A060DBE1-2FCF-4976-868B-A6F9C0CC3D24}"
EndProject
Project("{FAE04EC0-301F-11D3-BF4B-00C04F79EFBC}") = "Dictionary", "Dictionary\Dictionary.csproj", "{125BC0AD-11A6-4773-8422-01BC652DB83D}"
EndProject
Global
	GlobalSection(SolutionConfigurationPlatforms) = preSolution
		Debug|Any CPU = Debug|Any CPU
		Release|Any CPU = Release|Any CPU
	EndGlobalSection
	GlobalSection(ProjectConfigurationPlatforms) = postSolution
		{F32C63AB-CC94-43C3-8FE9-AB304687F899}.Debug|Any CPU.ActiveCfg = Debug|Any CPU
		{F32C63AB-CC94-43C3-8FE9-AB304687F899}.Debug|Any CPU.Build.0 = Debug|Any CPU
		{F32C63AB-CC94-43C3-8FE9-AB304687F899}.Release|Any CPU.ActiveCfg = Release|Any CPU
		{F32C63AB-CC94-43C3-8FE9-AB304687F899}.Release|Any CPU.Build.0 = Release|Any CPU
		{A060DBE1-2FCF-4976-868B-A6F9C0CC3D24}.Debug|Any CPU.ActiveCfg = Debug|Any CPU
		{A060DBE1-2FCF-4976-868B-A6F9C0CC3D24}.Debug|Any CPU.Build.0 = Debug|Any CPU
		{A060DBE1-2FCF-4976-868B-A6F9C0CC3D24}.Release|Any CPU.ActiveCfg = Release|Any CPU
		{A060DBE1-2FCF-4976-868B-A6F9C0CC3D24}.Release|Any CPU.Build.0 = Release|Any CPU
		{125BC0AD-11A6-4773-8422-01BC652DB83D}.Debug|Any CPU.ActiveCfg = Debug|Any CPU
		{125BC0AD-11A6-4773-8422-01BC652DB83D}.Debug|Any CPU.Build.0 = Debug|Any CPU
		{125BC0AD-11A6-4773-8422-01BC652DB83D}.Release|Any CPU.ActiveCfg = Release|Any CPU
		{125BC0AD-11A6-4773-8422-01BC652DB83D}.Release|Any CPU.Build.0 = Release|Any CPU
	EndGlobalSection
	GlobalSection(SolutionProperties) = preSolution
		HideSolutionNode = FALSE
	EndGlobalSection
	GlobalSection(ExtensibilityGlobals) = postSolution
		SolutionGuid = {895786E7-4DD3-415F-A6D1-B6546B60EA12}
	EndGlobalSection
EndGlobal
