
Microsoft Visual Studio Solution File, Format Version 12.00
# Visual Studio Version 17
VisualStudioVersion = 17.13.35913.81 d17.13
MinimumVisualStudioVersion = 10.0.40219.1
Project("{FAE04EC0-301F-11D3-BF4B-00C04F79EFBC}") = "MyCloneMethodExample", "MyCloneMethodExample.csproj", "{8F854336-6433-4A7B-BCEF-D2367F96C224}"
EndProject
Project("{FAE04EC0-301F-11D3-BF4B-00C04F79EFBC}") = "DeepCloneExample", "..\DeepCloneExample\DeepCloneExample.csproj", "{C78CD6F6-637F-4C71-BF6F-6CF82FAAA17F}"
EndProject
Global
	GlobalSection(SolutionConfigurationPlatforms) = preSolution
		Debug|Any CPU = Debug|Any CPU
		Release|Any CPU = Release|Any CPU
	EndGlobalSection
	GlobalSection(ProjectConfigurationPlatforms) = postSolution
		{8F854336-6433-4A7B-BCEF-D2367F96C224}.Debug|Any CPU.ActiveCfg = Debug|Any CPU
		{8F854336-6433-4A7B-BCEF-D2367F96C224}.Debug|Any CPU.Build.0 = Debug|Any CPU
		{8F854336-6433-4A7B-BCEF-D2367F96C224}.Release|Any CPU.ActiveCfg = Release|Any CPU
		{8F854336-6433-4A7B-BCEF-D2367F96C224}.Release|Any CPU.Build.0 = Release|Any CPU
		{C78CD6F6-637F-4C71-BF6F-6CF82FAAA17F}.Debug|Any CPU.ActiveCfg = Debug|Any CPU
		{C78CD6F6-637F-4C71-BF6F-6CF82FAAA17F}.Debug|Any CPU.Build.0 = Debug|Any CPU
		{C78CD6F6-637F-4C71-BF6F-6CF82FAAA17F}.Release|Any CPU.ActiveCfg = Release|Any CPU
		{C78CD6F6-637F-4C71-BF6F-6CF82FAAA17F}.Release|Any CPU.Build.0 = Release|Any CPU
	EndGlobalSection
	GlobalSection(SolutionProperties) = preSolution
		HideSolutionNode = FALSE
	EndGlobalSection
	GlobalSection(ExtensibilityGlobals) = postSolution
		SolutionGuid = {34F9D185-7046-4218-816C-805687580B5F}
	EndGlobalSection
EndGlobal
