
Microsoft Visual Studio Solution File, Format Version 12.00
# Visual Studio Version 17
VisualStudioVersion = 17.11.35327.3
MinimumVisualStudioVersion = 10.0.40219.1
Project("{FAE04EC0-301F-11D3-BF4B-00C04F79EFBC}") = "Les.011.GenericsConstraints", "Les.011.GenericsConstraints.csproj", "{5C0C494F-7EFD-4B5E-9DDA-E595CBB73332}"
EndProject
Project("{FAE04EC0-301F-11D3-BF4B-00C04F79EFBC}") = "GenericExample", "GenericExample\GenericExample.csproj", "{D3DAEAA3-1BCA-42FD-A521-59E4621142A0}"
EndProject
Global
	GlobalSection(SolutionConfigurationPlatforms) = preSolution
		Debug|Any CPU = Debug|Any CPU
		Release|Any CPU = Release|Any CPU
	EndGlobalSection
	GlobalSection(ProjectConfigurationPlatforms) = postSolution
		{5C0C494F-7EFD-4B5E-9DDA-E595CBB73332}.Debug|Any CPU.ActiveCfg = Debug|Any CPU
		{5C0C494F-7EFD-4B5E-9DDA-E595CBB73332}.Debug|Any CPU.Build.0 = Debug|Any CPU
		{5C0C494F-7EFD-4B5E-9DDA-E595CBB73332}.Release|Any CPU.ActiveCfg = Release|Any CPU
		{5C0C494F-7EFD-4B5E-9DDA-E595CBB73332}.Release|Any CPU.Build.0 = Release|Any CPU
		{D3DAEAA3-1BCA-42FD-A521-59E4621142A0}.Debug|Any CPU.ActiveCfg = Debug|Any CPU
		{D3DAEAA3-1BCA-42FD-A521-59E4621142A0}.Debug|Any CPU.Build.0 = Debug|Any CPU
		{D3DAEAA3-1BCA-42FD-A521-59E4621142A0}.Release|Any CPU.ActiveCfg = Release|Any CPU
		{D3DAEAA3-1BCA-42FD-A521-59E4621142A0}.Release|Any CPU.Build.0 = Release|Any CPU
	EndGlobalSection
	GlobalSection(SolutionProperties) = preSolution
		HideSolutionNode = FALSE
	EndGlobalSection
	GlobalSection(ExtensibilityGlobals) = postSolution
		SolutionGuid = {821ED84E-A007-4ECE-9005-E21DD295BFD3}
	EndGlobalSection
EndGlobal
